
Microsoft Visual Studio Solution File, Format Version 12.00
# Visual Studio 15
VisualStudioVersion = 15.0.28307.572
MinimumVisualStudioVersion = 10.0.40219.1
Project("{FAE04EC0-301F-11D3-BF4B-00C04F79EFBC}") = "NoticeAPI", "NoticeAPI\NoticeAPI.csproj", "{CC24787C-6A3D-4283-B495-41648F7AD86E}"
EndProject
Project("{FAE04EC0-301F-11D3-BF4B-00C04F79EFBC}") = "Notice.DAL", "Notice.DAL\Notice.DAL.csproj", "{28205B8A-4C35-4566-8EF6-EDDE7E68F42D}"
EndProject
Project("{FAE04EC0-301F-11D3-BF4B-00C04F79EFBC}") = "Notice.Models", "Notice.Models\Notice.Models.csproj", "{F9254F83-193E-412D-BFFE-9982DFDEECDE}"
EndProject
Global
	GlobalSection(SolutionConfigurationPlatforms) = preSolution
		Debug|Any CPU = Debug|Any CPU
		Release|Any CPU = Release|Any CPU
	EndGlobalSection
	GlobalSection(ProjectConfigurationPlatforms) = postSolution
		{CC24787C-6A3D-4283-B495-41648F7AD86E}.Debug|Any CPU.ActiveCfg = Debug|Any CPU
		{CC24787C-6A3D-4283-B495-41648F7AD86E}.Debug|Any CPU.Build.0 = Debug|Any CPU
		{CC24787C-6A3D-4283-B495-41648F7AD86E}.Release|Any CPU.ActiveCfg = Release|Any CPU
		{CC24787C-6A3D-4283-B495-41648F7AD86E}.Release|Any CPU.Build.0 = Release|Any CPU
		{28205B8A-4C35-4566-8EF6-EDDE7E68F42D}.Debug|Any CPU.ActiveCfg = Debug|Any CPU
		{28205B8A-4C35-4566-8EF6-EDDE7E68F42D}.Debug|Any CPU.Build.0 = Debug|Any CPU
		{28205B8A-4C35-4566-8EF6-EDDE7E68F42D}.Release|Any CPU.ActiveCfg = Release|Any CPU
		{28205B8A-4C35-4566-8EF6-EDDE7E68F42D}.Release|Any CPU.Build.0 = Release|Any CPU
		{F9254F83-193E-412D-BFFE-9982DFDEECDE}.Debug|Any CPU.ActiveCfg = Debug|Any CPU
		{F9254F83-193E-412D-BFFE-9982DFDEECDE}.Debug|Any CPU.Build.0 = Debug|Any CPU
		{F9254F83-193E-412D-BFFE-9982DFDEECDE}.Release|Any CPU.ActiveCfg = Release|Any CPU
		{F9254F83-193E-412D-BFFE-9982DFDEECDE}.Release|Any CPU.Build.0 = Release|Any CPU
	EndGlobalSection
	GlobalSection(SolutionProperties) = preSolution
		HideSolutionNode = FALSE
	EndGlobalSection
	GlobalSection(ExtensibilityGlobals) = postSolution
		SolutionGuid = {769B8318-E737-492B-A18B-193C650005D1}
	EndGlobalSection
EndGlobal
